// !$*UTF8*$!
{
	archiveVersion = 1;
	classes = {
	};
	objectVersion = 55;
	objects = {

/* Begin PBXBuildFile section */
		F79B28FF28C05BA800E173BA /* AppDelegate.swift in Sources */ = {isa = PBXBuildFile; fileRef = F79B28FE28C05BA800E173BA /* AppDelegate.swift */; };
		F79B290128C05BA800E173BA /* SceneDelegate.swift in Sources */ = {isa = PBXBuildFile; fileRef = F79B290028C05BA800E173BA /* SceneDelegate.swift */; };
		F79B290328C05BA800E173BA /* ReminderListViewController.swift in Sources */ = {isa = PBXBuildFile; fileRef = F79B290228C05BA800E173BA /* ReminderListViewController.swift */; };
		F79B290628C05BA800E173BA /* Main.storyboard in Resources */ = {isa = PBXBuildFile; fileRef = F79B290428C05BA800E173BA /* Main.storyboard */; };
		F79B290828C05BAA00E173BA /* Assets.xcassets in Resources */ = {isa = PBXBuildFile; fileRef = F79B290728C05BAA00E173BA /* Assets.xcassets */; };
		F79B290B28C05BAA00E173BA /* LaunchScreen.storyboard in Resources */ = {isa = PBXBuildFile; fileRef = F79B290928C05BAA00E173BA /* LaunchScreen.storyboard */; };
		F79B291628C05BAA00E173BA /* TodayTests.swift in Sources */ = {isa = PBXBuildFile; fileRef = F79B291528C05BAA00E173BA /* TodayTests.swift */; };
		F79B292028C05BAA00E173BA /* TodayUITests.swift in Sources */ = {isa = PBXBuildFile; fileRef = F79B291F28C05BAA00E173BA /* TodayUITests.swift */; };
		F79B292228C05BAA00E173BA /* TodayUITestsLaunchTests.swift in Sources */ = {isa = PBXBuildFile; fileRef = F79B292128C05BAA00E173BA /* TodayUITestsLaunchTests.swift */; };
		F79B293028C05DDF00E173BA /* Reminder.swift in Sources */ = {isa = PBXBuildFile; fileRef = F79B292F28C05DDF00E173BA /* Reminder.swift */; };
/* End PBXBuildFile section */

/* Begin PBXContainerItemProxy section */
		F79B291228C05BAA00E173BA /* PBXContainerItemProxy */ = {
			isa = PBXContainerItemProxy;
			containerPortal = F79B28F328C05BA800E173BA /* Project object */;
			proxyType = 1;
			remoteGlobalIDString = F79B28FA28C05BA800E173BA;
			remoteInfo = Today;
		};
		F79B291C28C05BAA00E173BA /* PBXContainerItemProxy */ = {
			isa = PBXContainerItemProxy;
			containerPortal = F79B28F328C05BA800E173BA /* Project object */;
			proxyType = 1;
			remoteGlobalIDString = F79B28FA28C05BA800E173BA;
			remoteInfo = Today;
		};
/* End PBXContainerItemProxy section */

/* Begin PBXFileReference section */
		F79B28FB28C05BA800E173BA /* Today.app */ = {isa = PBXFileReference; explicitFileType = wrapper.application; includeInIndex = 0; path = Today.app; sourceTree = BUILT_PRODUCTS_DIR; };
		F79B28FE28C05BA800E173BA /* AppDelegate.swift */ = {isa = PBXFileReference; lastKnownFileType = sourcecode.swift; path = AppDelegate.swift; sourceTree = "<group>"; };
		F79B290028C05BA800E173BA /* SceneDelegate.swift */ = {isa = PBXFileReference; lastKnownFileType = sourcecode.swift; path = SceneDelegate.swift; sourceTree = "<group>"; };
		F79B290228C05BA800E173BA /* ReminderListViewController.swift */ = {isa = PBXFileReference; lastKnownFileType = sourcecode.swift; path = ReminderListViewController.swift; sourceTree = "<group>"; };
		F79B290528C05BA800E173BA /* Base */ = {isa = PBXFileReference; lastKnownFileType = file.storyboard; name = Base; path = Base.lproj/Main.storyboard; sourceTree = "<group>"; };
		F79B290728C05BAA00E173BA /* Assets.xcassets */ = {isa = PBXFileReference; lastKnownFileType = folder.assetcatalog; path = Assets.xcassets; sourceTree = "<group>"; };
		F79B290A28C05BAA00E173BA /* Base */ = {isa = PBXFileReference; lastKnownFileType = file.storyboard; name = Base; path = Base.lproj/LaunchScreen.storyboard; sourceTree = "<group>"; };
		F79B290C28C05BAA00E173BA /* Info.plist */ = {isa = PBXFileReference; lastKnownFileType = text.plist.xml; path = Info.plist; sourceTree = "<group>"; };
		F79B291128C05BAA00E173BA /* TodayTests.xctest */ = {isa = PBXFileReference; explicitFileType = wrapper.cfbundle; includeInIndex = 0; path = TodayTests.xctest; sourceTree = BUILT_PRODUCTS_DIR; };
		F79B291528C05BAA00E173BA /* TodayTests.swift */ = {isa = PBXFileReference; lastKnownFileType = sourcecode.swift; path = TodayTests.swift; sourceTree = "<group>"; };
		F79B291B28C05BAA00E173BA /* TodayUITests.xctest */ = {isa = PBXFileReference; explicitFileType = wrapper.cfbundle; includeInIndex = 0; path = TodayUITests.xctest; sourceTree = BUILT_PRODUCTS_DIR; };
		F79B291F28C05BAA00E173BA /* TodayUITests.swift */ = {isa = PBXFileReference; lastKnownFileType = sourcecode.swift; path = TodayUITests.swift; sourceTree = "<group>"; };
		F79B292128C05BAA00E173BA /* TodayUITestsLaunchTests.swift */ = {isa = PBXFileReference; lastKnownFileType = sourcecode.swift; path = TodayUITestsLaunchTests.swift; sourceTree = "<group>"; };
		F79B292F28C05DDF00E173BA /* Reminder.swift */ = {isa = PBXFileReference; lastKnownFileType = sourcecode.swift; path = Reminder.swift; sourceTree = "<group>"; };
/* End PBXFileReference section */

/* Begin PBXFrameworksBuildPhase section */
		F79B28F828C05BA800E173BA /* Frameworks */ = {
			isa = PBXFrameworksBuildPhase;
			buildActionMask = 2147483647;
			files = (
			);
			runOnlyForDeploymentPostprocessing = 0;
		};
		F79B290E28C05BAA00E173BA /* Frameworks */ = {
			isa = PBXFrameworksBuildPhase;
			buildActionMask = 2147483647;
			files = (
			);
			runOnlyForDeploymentPostprocessing = 0;
		};
		F79B291828C05BAA00E173BA /* Frameworks */ = {
			isa = PBXFrameworksBuildPhase;
			buildActionMask = 2147483647;
			files = (
			);
			runOnlyForDeploymentPostprocessing = 0;
		};
/* End PBXFrameworksBuildPhase section */

/* Begin PBXGroup section */
		F79B28F228C05BA800E173BA = {
			isa = PBXGroup;
			children = (
				F79B28FD28C05BA800E173BA /* Today */,
				F79B291428C05BAA00E173BA /* TodayTests */,
				F79B291E28C05BAA00E173BA /* TodayUITests */,
				F79B28FC28C05BA800E173BA /* Products */,
			);
			sourceTree = "<group>";
		};
		F79B28FC28C05BA800E173BA /* Products */ = {
			isa = PBXGroup;
			children = (
				F79B28FB28C05BA800E173BA /* Today.app */,
				F79B291128C05BAA00E173BA /* TodayTests.xctest */,
				F79B291B28C05BAA00E173BA /* TodayUITests.xctest */,
			);
			name = Products;
			sourceTree = "<group>";
		};
		F79B28FD28C05BA800E173BA /* Today */ = {
			isa = PBXGroup;
			children = (
				F79B292E28C05DA700E173BA /* Models */,
				F79B28FE28C05BA800E173BA /* AppDelegate.swift */,
				F79B290028C05BA800E173BA /* SceneDelegate.swift */,
				F79B290228C05BA800E173BA /* ReminderListViewController.swift */,
				F79B290428C05BA800E173BA /* Main.storyboard */,
				F79B290728C05BAA00E173BA /* Assets.xcassets */,
				F79B290928C05BAA00E173BA /* LaunchScreen.storyboard */,
				F79B290C28C05BAA00E173BA /* Info.plist */,
			);
			path = Today;
			sourceTree = "<group>";
		};
		F79B291428C05BAA00E173BA /* TodayTests */ = {
			isa = PBXGroup;
			children = (
				F79B291528C05BAA00E173BA /* TodayTests.swift */,
			);
			path = TodayTests;
			sourceTree = "<group>";
		};
		F79B291E28C05BAA00E173BA /* TodayUITests */ = {
			isa = PBXGroup;
			children = (
				F79B291F28C05BAA00E173BA /* TodayUITests.swift */,
				F79B292128C05BAA00E173BA /* TodayUITestsLaunchTests.swift */,
			);
			path = TodayUITests;
			sourceTree = "<group>";
		};
		F79B292E28C05DA700E173BA /* Models */ = {
			isa = PBXGroup;
			children = (
				F79B292F28C05DDF00E173BA /* Reminder.swift */,
			);
			path = Models;
			sourceTree = "<group>";
		};
/* End PBXGroup section */

/* Begin PBXNativeTarget section */
		F79B28FA28C05BA800E173BA /* Today */ = {
			isa = PBXNativeTarget;
			buildConfigurationList = F79B292528C05BAA00E173BA /* Build configuration list for PBXNativeTarget "Today" */;
			buildPhases = (
				F79B28F728C05BA800E173BA /* Sources */,
				F79B28F828C05BA800E173BA /* Frameworks */,
				F79B28F928C05BA800E173BA /* Resources */,
			);
			buildRules = (
			);
			dependencies = (
			);
			name = Today;
			productName = Today;
			productReference = F79B28FB28C05BA800E173BA /* Today.app */;
			productType = "com.apple.product-type.application";
		};
		F79B291028C05BAA00E173BA /* TodayTests */ = {
			isa = PBXNativeTarget;
			buildConfigurationList = F79B292828C05BAA00E173BA /* Build configuration list for PBXNativeTarget "TodayTests" */;
			buildPhases = (
				F79B290D28C05BAA00E173BA /* Sources */,
				F79B290E28C05BAA00E173BA /* Frameworks */,
				F79B290F28C05BAA00E173BA /* Resources */,
			);
			buildRules = (
			);
			dependencies = (
				F79B291328C05BAA00E173BA /* PBXTargetDependency */,
			);
			name = TodayTests;
			productName = TodayTests;
			productReference = F79B291128C05BAA00E173BA /* TodayTests.xctest */;
			productType = "com.apple.product-type.bundle.unit-test";
		};
		F79B291A28C05BAA00E173BA /* TodayUITests */ = {
			isa = PBXNativeTarget;
			buildConfigurationList = F79B292B28C05BAA00E173BA /* Build configuration list for PBXNativeTarget "TodayUITests" */;
			buildPhases = (
				F79B291728C05BAA00E173BA /* Sources */,
				F79B291828C05BAA00E173BA /* Frameworks */,
				F79B291928C05BAA00E173BA /* Resources */,
			);
			buildRules = (
			);
			dependencies = (
				F79B291D28C05BAA00E173BA /* PBXTargetDependency */,
			);
			name = TodayUITests;
			productName = TodayUITests;
			productReference = F79B291B28C05BAA00E173BA /* TodayUITests.xctest */;
			productType = "com.apple.product-type.bundle.ui-testing";
		};
/* End PBXNativeTarget section */

/* Begin PBXProject section */
		F79B28F328C05BA800E173BA /* Project object */ = {
			isa = PBXProject;
			attributes = {
				BuildIndependentTargetsInParallel = 1;
				LastSwiftUpdateCheck = 1340;
				LastUpgradeCheck = 1340;
				TargetAttributes = {
					F79B28FA28C05BA800E173BA = {
						CreatedOnToolsVersion = 13.4.1;
					};
					F79B291028C05BAA00E173BA = {
						CreatedOnToolsVersion = 13.4.1;
						TestTargetID = F79B28FA28C05BA800E173BA;
					};
					F79B291A28C05BAA00E173BA = {
						CreatedOnToolsVersion = 13.4.1;
						TestTargetID = F79B28FA28C05BA800E173BA;
					};
				};
			};
			buildConfigurationList = F79B28F628C05BA800E173BA /* Build configuration list for PBXProject "Today" */;
			compatibilityVersion = "Xcode 13.0";
			developmentRegion = en;
			hasScannedForEncodings = 0;
			knownRegions = (
				en,
				Base,
			);
			mainGroup = F79B28F228C05BA800E173BA;
			productRefGroup = F79B28FC28C05BA800E173BA /* Products */;
			projectDirPath = "";
			projectRoot = "";
			targets = (
				F79B28FA28C05BA800E173BA /* Today */,
				F79B291028C05BAA00E173BA /* TodayTests */,
				F79B291A28C05BAA00E173BA /* TodayUITests */,
			);
		};
/* End PBXProject section */

/* Begin PBXResourcesBuildPhase section */
		F79B28F928C05BA800E173BA /* Resources */ = {
			isa = PBXResourcesBuildPhase;
			buildActionMask = 2147483647;
			files = (
				F79B290B28C05BAA00E173BA /* LaunchScreen.storyboard in Resources */,
				F79B290828C05BAA00E173BA /* Assets.xcassets in Resources */,
				F79B290628C05BA800E173BA /* Main.storyboard in Resources */,
			);
			runOnlyForDeploymentPostprocessing = 0;
		};
		F79B290F28C05BAA00E173BA /* Resources */ = {
			isa = PBXResourcesBuildPhase;
			buildActionMask = 2147483647;
			files = (
			);
			runOnlyForDeploymentPostprocessing = 0;
		};
		F79B291928C05BAA00E173BA /* Resources */ = {
			isa = PBXResourcesBuildPhase;
			buildActionMask = 2147483647;
			files = (
			);
			runOnlyForDeploymentPostprocessing = 0;
		};
/* End PBXResourcesBuildPhase section */

/* Begin PBXSourcesBuildPhase section */
		F79B28F728C05BA800E173BA /* Sources */ = {
			isa = PBXSourcesBuildPhase;
			buildActionMask = 2147483647;
			files = (
				F79B290328C05BA800E173BA /* ReminderListViewController.swift in Sources */,
				F79B28FF28C05BA800E173BA /* AppDelegate.swift in Sources */,
				F79B290128C05BA800E173BA /* SceneDelegate.swift in Sources */,
				F79B293028C05DDF00E173BA /* Reminder.swift in Sources */,
			);
			runOnlyForDeploymentPostprocessing = 0;
		};
		F79B290D28C05BAA00E173BA /* Sources */ = {
			isa = PBXSourcesBuildPhase;
			buildActionMask = 2147483647;
			files = (
				F79B291628C05BAA00E173BA /* TodayTests.swift in Sources */,
			);
			runOnlyForDeploymentPostprocessing = 0;
		};
		F79B291728C05BAA00E173BA /* Sources */ = {
			isa = PBXSourcesBuildPhase;
			buildActionMask = 2147483647;
			files = (
				F79B292228C05BAA00E173BA /* TodayUITestsLaunchTests.swift in Sources */,
				F79B292028C05BAA00E173BA /* TodayUITests.swift in Sources */,
			);
			runOnlyForDeploymentPostprocessing = 0;
		};
/* End PBXSourcesBuildPhase section */

/* Begin PBXTargetDependency section */
		F79B291328C05BAA00E173BA /* PBXTargetDependency */ = {
			isa = PBXTargetDependency;
			target = F79B28FA28C05BA800E173BA /* Today */;
			targetProxy = F79B291228C05BAA00E173BA /* PBXContainerItemProxy */;
		};
		F79B291D28C05BAA00E173BA /* PBXTargetDependency */ = {
			isa = PBXTargetDependency;
			target = F79B28FA28C05BA800E173BA /* Today */;
			targetProxy = F79B291C28C05BAA00E173BA /* PBXContainerItemProxy */;
		};
/* End PBXTargetDependency section */

/* Begin PBXVariantGroup section */
		F79B290428C05BA800E173BA /* Main.storyboard */ = {
			isa = PBXVariantGroup;
			children = (
				F79B290528C05BA800E173BA /* Base */,
			);
			name = Main.storyboard;
			sourceTree = "<group>";
		};
		F79B290928C05BAA00E173BA /* LaunchScreen.storyboard */ = {
			isa = PBXVariantGroup;
			children = (
				F79B290A28C05BAA00E173BA /* Base */,
			);
			name = LaunchScreen.storyboard;
			sourceTree = "<group>";
		};
/* End PBXVariantGroup section */

/* Begin XCBuildConfiguration section */
		F79B292328C05BAA00E173BA /* Debug */ = {
			isa = XCBuildConfiguration;
			buildSettings = {
				ALWAYS_SEARCH_USER_PATHS = NO;
				CLANG_ANALYZER_NONNULL = YES;
				CLANG_ANALYZER_NUMBER_OBJECT_CONVERSION = YES_AGGRESSIVE;
				CLANG_CXX_LANGUAGE_STANDARD = "gnu++17";
				CLANG_ENABLE_MODULES = YES;
				CLANG_ENABLE_OBJC_ARC = YES;
				CLANG_ENABLE_OBJC_WEAK = YES;
				CLANG_WARN_BLOCK_CAPTURE_AUTORELEASING = YES;
				CLANG_WARN_BOOL_CONVERSION = YES;
				CLANG_WARN_COMMA = YES;
				CLANG_WARN_CONSTANT_CONVERSION = YES;
				CLANG_WARN_DEPRECATED_OBJC_IMPLEMENTATIONS = YES;
				CLANG_WARN_DIRECT_OBJC_ISA_USAGE = YES_ERROR;
				CLANG_WARN_DOCUMENTATION_COMMENTS = YES;
				CLANG_WARN_EMPTY_BODY = YES;
				CLANG_WARN_ENUM_CONVERSION = YES;
				CLANG_WARN_INFINITE_RECURSION = YES;
				CLANG_WARN_INT_CONVERSION = YES;
				CLANG_WARN_NON_LITERAL_NULL_CONVERSION = YES;
				CLANG_WARN_OBJC_IMPLICIT_RETAIN_SELF = YES;
				CLANG_WARN_OBJC_LITERAL_CONVERSION = YES;
				CLANG_WARN_OBJC_ROOT_CLASS = YES_ERROR;
				CLANG_WARN_QUOTED_INCLUDE_IN_FRAMEWORK_HEADER = YES;
				CLANG_WARN_RANGE_LOOP_ANALYSIS = YES;
				CLANG_WARN_STRICT_PROTOTYPES = YES;
				CLANG_WARN_SUSPICIOUS_MOVE = YES;
				CLANG_WARN_UNGUARDED_AVAILABILITY = YES_AGGRESSIVE;
				CLANG_WARN_UNREACHABLE_CODE = YES;
				CLANG_WARN__DUPLICATE_METHOD_MATCH = YES;
				COPY_PHASE_STRIP = NO;
				DEBUG_INFORMATION_FORMAT = dwarf;
				ENABLE_STRICT_OBJC_MSGSEND = YES;
				ENABLE_TESTABILITY = YES;
				GCC_C_LANGUAGE_STANDARD = gnu11;
				GCC_DYNAMIC_NO_PIC = NO;
				GCC_NO_COMMON_BLOCKS = YES;
				GCC_OPTIMIZATION_LEVEL = 0;
				GCC_PREPROCESSOR_DEFINITIONS = (
					"DEBUG=1",
					"$(inherited)",
				);
				GCC_WARN_64_TO_32_BIT_CONVERSION = YES;
				GCC_WARN_ABOUT_RETURN_TYPE = YES_ERROR;
				GCC_WARN_UNDECLARED_SELECTOR = YES;
				GCC_WARN_UNINITIALIZED_AUTOS = YES_AGGRESSIVE;
				GCC_WARN_UNUSED_FUNCTION = YES;
				GCC_WARN_UNUSED_VARIABLE = YES;
				IPHONEOS_DEPLOYMENT_TARGET = 15.5;
				MTL_ENABLE_DEBUG_INFO = INCLUDE_SOURCE;
				MTL_FAST_MATH = YES;
				ONLY_ACTIVE_ARCH = YES;
				SDKROOT = iphoneos;
				SWIFT_ACTIVE_COMPILATION_CONDITIONS = DEBUG;
				SWIFT_OPTIMIZATION_LEVEL = "-Onone";
			};
			name = Debug;
		};
		F79B292428C05BAA00E173BA /* Release */ = {
			isa = XCBuildConfiguration;
			buildSettings = {
				ALWAYS_SEARCH_USER_PATHS = NO;
				CLANG_ANALYZER_NONNULL = YES;
				CLANG_ANALYZER_NUMBER_OBJECT_CONVERSION = YES_AGGRESSIVE;
				CLANG_CXX_LANGUAGE_STANDARD = "gnu++17";
				CLANG_ENABLE_MODULES = YES;
				CLANG_ENABLE_OBJC_ARC = YES;
				CLANG_ENABLE_OBJC_WEAK = YES;
				CLANG_WARN_BLOCK_CAPTURE_AUTORELEASING = YES;
				CLANG_WARN_BOOL_CONVERSION = YES;
				CLANG_WARN_COMMA = YES;
				CLANG_WARN_CONSTANT_CONVERSION = YES;
				CLANG_WARN_DEPRECATED_OBJC_IMPLEMENTATIONS = YES;
				CLANG_WARN_DIRECT_OBJC_ISA_USAGE = YES_ERROR;
				CLANG_WARN_DOCUMENTATION_COMMENTS = YES;
				CLANG_WARN_EMPTY_BODY = YES;
				CLANG_WARN_ENUM_CONVERSION = YES;
				CLANG_WARN_INFINITE_RECURSION = YES;
				CLANG_WARN_INT_CONVERSION = YES;
				CLANG_WARN_NON_LITERAL_NULL_CONVERSION = YES;
				CLANG_WARN_OBJC_IMPLICIT_RETAIN_SELF = YES;
				CLANG_WARN_OBJC_LITERAL_CONVERSION = YES;
				CLANG_WARN_OBJC_ROOT_CLASS = YES_ERROR;
				CLANG_WARN_QUOTED_INCLUDE_IN_FRAMEWORK_HEADER = YES;
				CLANG_WARN_RANGE_LOOP_ANALYSIS = YES;
				CLANG_WARN_STRICT_PROTOTYPES = YES;
				CLANG_WARN_SUSPICIOUS_MOVE = YES;
				CLANG_WARN_UNGUARDED_AVAILABILITY = YES_AGGRESSIVE;
				CLANG_WARN_UNREACHABLE_CODE = YES;
				CLANG_WARN__DUPLICATE_METHOD_MATCH = YES;
				COPY_PHASE_STRIP = NO;
				DEBUG_INFORMATION_FORMAT = "dwarf-with-dsym";
				ENABLE_NS_ASSERTIONS = NO;
				ENABLE_STRICT_OBJC_MSGSEND = YES;
				GCC_C_LANGUAGE_STANDARD = gnu11;
				GCC_NO_COMMON_BLOCKS = YES;
				GCC_WARN_64_TO_32_BIT_CONVERSION = YES;
				GCC_WARN_ABOUT_RETURN_TYPE = YES_ERROR;
				GCC_WARN_UNDECLARED_SELECTOR = YES;
				GCC_WARN_UNINITIALIZED_AUTOS = YES_AGGRESSIVE;
				GCC_WARN_UNUSED_FUNCTION = YES;
				GCC_WARN_UNUSED_VARIABLE = YES;
				IPHONEOS_DEPLOYMENT_TARGET = 15.5;
				MTL_ENABLE_DEBUG_INFO = NO;
				MTL_FAST_MATH = YES;
				SDKROOT = iphoneos;
				SWIFT_COMPILATION_MODE = wholemodule;
				SWIFT_OPTIMIZATION_LEVEL = "-O";
				VALIDATE_PRODUCT = YES;
			};
			name = Release;
		};
		F79B292628C05BAA00E173BA /* Debug */ = {
			isa = XCBuildConfiguration;
			buildSettings = {
				ASSETCATALOG_COMPILER_APPICON_NAME = AppIcon;
				ASSETCATALOG_COMPILER_GLOBAL_ACCENT_COLOR_NAME = AccentColor;
				CODE_SIGN_STYLE = Automatic;
				CURRENT_PROJECT_VERSION = 1;
				GENERATE_INFOPLIST_FILE = YES;
				INFOPLIST_FILE = Today/Info.plist;
				INFOPLIST_KEY_UIApplicationSupportsIndirectInputEvents = YES;
				INFOPLIST_KEY_UILaunchStoryboardName = LaunchScreen;
				INFOPLIST_KEY_UIMainStoryboardFile = Main;
				INFOPLIST_KEY_UISupportedInterfaceOrientations_iPad = "UIInterfaceOrientationPortrait UIInterfaceOrientationPortraitUpsideDown UIInterfaceOrientationLandscapeLeft UIInterfaceOrientationLandscapeRight";
				INFOPLIST_KEY_UISupportedInterfaceOrientations_iPhone = "UIInterfaceOrientationPortrait UIInterfaceOrientationLandscapeLeft UIInterfaceOrientationLandscapeRight";
				LD_RUNPATH_SEARCH_PATHS = (
					"$(inherited)",
					"@executable_path/Frameworks",
				);
				MARKETING_VERSION = 1.0;
				PRODUCT_BUNDLE_IDENTIFIER = dongho.Today;
				PRODUCT_NAME = "$(TARGET_NAME)";
				SWIFT_EMIT_LOC_STRINGS = YES;
				SWIFT_VERSION = 5.0;
				TARGETED_DEVICE_FAMILY = "1,2";
			};
			name = Debug;
		};
		F79B292728C05BAA00E173BA /* Release */ = {
			isa = XCBuildConfiguration;
			buildSettings = {
				ASSETCATALOG_COMPILER_APPICON_NAME = AppIcon;
				ASSETCATALOG_COMPILER_GLOBAL_ACCENT_COLOR_NAME = AccentColor;
				CODE_SIGN_STYLE = Automatic;
				CURRENT_PROJECT_VERSION = 1;
				GENERATE_INFOPLIST_FILE = YES;
				INFOPLIST_FILE = Today/Info.plist;
				INFOPLIST_KEY_UIApplicationSupportsIndirectInputEvents = YES;
				INFOPLIST_KEY_UILaunchStoryboardName = LaunchScreen;
				INFOPLIST_KEY_UIMainStoryboardFile = Main;
				INFOPLIST_KEY_UISupportedInterfaceOrientations_iPad = "UIInterfaceOrientationPortrait UIInterfaceOrientationPortraitUpsideDown UIInterfaceOrientationLandscapeLeft UIInterfaceOrientationLandscapeRight";
				INFOPLIST_KEY_UISupportedInterfaceOrientations_iPhone = "UIInterfaceOrientationPortrait UIInterfaceOrientationLandscapeLeft UIInterfaceOrientationLandscapeRight";
				LD_RUNPATH_SEARCH_PATHS = (
					"$(inherited)",
					"@executable_path/Frameworks",
				);
				MARKETING_VERSION = 1.0;
				PRODUCT_BUNDLE_IDENTIFIER = dongho.Today;
				PRODUCT_NAME = "$(TARGET_NAME)";
				SWIFT_EMIT_LOC_STRINGS = YES;
				SWIFT_VERSION = 5.0;
				TARGETED_DEVICE_FAMILY = "1,2";
			};
			name = Release;
		};
		F79B292928C05BAA00E173BA /* Debug */ = {
			isa = XCBuildConfiguration;
			buildSettings = {
				ALWAYS_EMBED_SWIFT_STANDARD_LIBRARIES = YES;
				BUNDLE_LOADER = "$(TEST_HOST)";
				CODE_SIGN_STYLE = Automatic;
				CURRENT_PROJECT_VERSION = 1;
				GENERATE_INFOPLIST_FILE = YES;
				IPHONEOS_DEPLOYMENT_TARGET = 15.5;
				MARKETING_VERSION = 1.0;
				PRODUCT_BUNDLE_IDENTIFIER = dongho.TodayTests;
				PRODUCT_NAME = "$(TARGET_NAME)";
				SWIFT_EMIT_LOC_STRINGS = NO;
				SWIFT_VERSION = 5.0;
				TARGETED_DEVICE_FAMILY = "1,2";
				TEST_HOST = "$(BUILT_PRODUCTS_DIR)/Today.app/Today";
			};
			name = Debug;
		};
		F79B292A28C05BAA00E173BA /* Release */ = {
			isa = XCBuildConfiguration;
			buildSettings = {
				ALWAYS_EMBED_SWIFT_STANDARD_LIBRARIES = YES;
				BUNDLE_LOADER = "$(TEST_HOST)";
				CODE_SIGN_STYLE = Automatic;
				CURRENT_PROJECT_VERSION = 1;
				GENERATE_INFOPLIST_FILE = YES;
				IPHONEOS_DEPLOYMENT_TARGET = 15.5;
				MARKETING_VERSION = 1.0;
				PRODUCT_BUNDLE_IDENTIFIER = dongho.TodayTests;
				PRODUCT_NAME = "$(TARGET_NAME)";
				SWIFT_EMIT_LOC_STRINGS = NO;
				SWIFT_VERSION = 5.0;
				TARGETED_DEVICE_FAMILY = "1,2";
				TEST_HOST = "$(BUILT_PRODUCTS_DIR)/Today.app/Today";
			};
			name = Release;
		};
		F79B292C28C05BAA00E173BA /* Debug */ = {
			isa = XCBuildConfiguration;
			buildSettings = {
				ALWAYS_EMBED_SWIFT_STANDARD_LIBRARIES = YES;
				CODE_SIGN_STYLE = Automatic;
				CURRENT_PROJECT_VERSION = 1;
				GENERATE_INFOPLIST_FILE = YES;
				MARKETING_VERSION = 1.0;
				PRODUCT_BUNDLE_IDENTIFIER = dongho.TodayUITests;
				PRODUCT_NAME = "$(TARGET_NAME)";
				SWIFT_EMIT_LOC_STRINGS = NO;
				SWIFT_VERSION = 5.0;
				TARGETED_DEVICE_FAMILY = "1,2";
				TEST_TARGET_NAME = Today;
			};
			name = Debug;
		};
		F79B292D28C05BAA00E173BA /* Release */ = {
			isa = XCBuildConfiguration;
			buildSettings = {
				ALWAYS_EMBED_SWIFT_STANDARD_LIBRARIES = YES;
				CODE_SIGN_STYLE = Automatic;
				CURRENT_PROJECT_VERSION = 1;
				GENERATE_INFOPLIST_FILE = YES;
				MARKETING_VERSION = 1.0;
				PRODUCT_BUNDLE_IDENTIFIER = dongho.TodayUITests;
				PRODUCT_NAME = "$(TARGET_NAME)";
				SWIFT_EMIT_LOC_STRINGS = NO;
				SWIFT_VERSION = 5.0;
				TARGETED_DEVICE_FAMILY = "1,2";
				TEST_TARGET_NAME = Today;
			};
			name = Release;
		};
/* End XCBuildConfiguration section */

/* Begin XCConfigurationList section */
		F79B28F628C05BA800E173BA /* Build configuration list for PBXProject "Today" */ = {
			isa = XCConfigurationList;
			buildConfigurations = (
				F79B292328C05BAA00E173BA /* Debug */,
				F79B292428C05BAA00E173BA /* Release */,
			);
			defaultConfigurationIsVisible = 0;
			defaultConfigurationName = Release;
		};
		F79B292528C05BAA00E173BA /* Build configuration list for PBXNativeTarget "Today" */ = {
			isa = XCConfigurationList;
			buildConfigurations = (
				F79B292628C05BAA00E173BA /* Debug */,
				F79B292728C05BAA00E173BA /* Release */,
			);
			defaultConfigurationIsVisible = 0;
			defaultConfigurationName = Release;
		};
		F79B292828C05BAA00E173BA /* Build configuration list for PBXNativeTarget "TodayTests" */ = {
			isa = XCConfigurationList;
			buildConfigurations = (
				F79B292928C05BAA00E173BA /* Debug */,
				F79B292A28C05BAA00E173BA /* Release */,
			);
			defaultConfigurationIsVisible = 0;
			defaultConfigurationName = Release;
		};
		F79B292B28C05BAA00E173BA /* Build configuration list for PBXNativeTarget "TodayUITests" */ = {
			isa = XCConfigurationList;
			buildConfigurations = (
				F79B292C28C05BAA00E173BA /* Debug */,
				F79B292D28C05BAA00E173BA /* Release */,
			);
			defaultConfigurationIsVisible = 0;
			defaultConfigurationName = Release;
		};
/* End XCConfigurationList section */
	};
	rootObject = F79B28F328C05BA800E173BA /* Project object */;
}
